
Microsoft Visual Studio Solution File, Format Version 12.00
# Visual Studio 15
VisualStudioVersion = 15.0.28307.1705
MinimumVisualStudioVersion = 10.0.40219.1
Project("{8BC9CEB8-8B4A-11D0-8D11-00A0C91BC942}") = "HW", "HW\HW.vcxproj", "{B5CE9D2A-B122-4E97-9CE0-0C8374D81874}"
EndProject
Global
	GlobalSection(SolutionConfigurationPlatforms) = preSolution
		Debug|x64 = Debug|x64
		Debug|x86 = Debug|x86
		Release|x64 = Release|x64
		Release|x86 = Release|x86
	EndGlobalSection
	GlobalSection(ProjectConfigurationPlatforms) = postSolution
		{B5CE9D2A-B122-4E97-9CE0-0C8374D81874}.Debug|x64.ActiveCfg = Debug|x64
		{B5CE9D2A-B122-4E97-9CE0-0C8374D81874}.Debug|x64.Build.0 = Debug|x64
		{B5CE9D2A-B122-4E97-9CE0-0C8374D81874}.Debug|x86.ActiveCfg = Debug|Win32
		{B5CE9D2A-B122-4E97-9CE0-0C8374D81874}.Debug|x86.Build.0 = Debug|Win32
		{B5CE9D2A-B122-4E97-9CE0-0C8374D81874}.Release|x64.ActiveCfg = Release|x64
		{B5CE9D2A-B122-4E97-9CE0-0C8374D81874}.Release|x64.Build.0 = Release|x64
		{B5CE9D2A-B122-4E97-9CE0-0C8374D81874}.Release|x86.ActiveCfg = Release|Win32
		{B5CE9D2A-B122-4E97-9CE0-0C8374D81874}.Release|x86.Build.0 = Release|Win32
	EndGlobalSection
	GlobalSection(SolutionProperties) = preSolution
		HideSolutionNode = FALSE
	EndGlobalSection
	GlobalSection(ExtensibilityGlobals) = postSolution
		SolutionGuid = {E5D147BC-A9C3-4896-B2EC-CF2015DC0A63}
	EndGlobalSection
EndGlobal
